DEPENDENCIES
  cookbook
    path: .
    metadata: true

GRAPH
  apache2 (3.1.0)
  build-essential (2.2.4)
  cookbook (0.0.1)
    apache2 (>= 0.0.0)
    python (>= 0.0.0)
    simple_vsftpd (>= 0.0.0)
    sudo (>= 0.0.0)
    user (>= 0.0.0)
    xinetd (>= 0.0.0)
    yum-epel (>= 0.0.0)
    yum-ius (>= 0.0.0)
  python (1.4.6)
    build-essential (>= 0.0.0)
    yum-epel (>= 0.0.0)
  simple_vsftpd (0.1.0)
    yum-epel (>= 0.0.0)
  sudo (2.7.2)
  user (0.4.2)
  xinetd (1.0.1)
  yum (3.8.2)
  yum-epel (0.6.5)
    yum (~> 3.2)
  yum-ius (0.4.5)
    yum (~> 3.2)
    yum-epel (>= 0.0.0)
